
Microsoft Visual Studio Solution File, Format Version 12.00
# Visual Studio Version 16
VisualStudioVersion = 16.0.28803.202
MinimumVisualStudioVersion = 10.0.40219.1
Project("{9A19103F-16F7-4668-BE54-9A1E7A4F7556}") = "Gsd2Aml.Cli", "Gsd2Aml.Cli\Gsd2Aml.Cli.csproj", "{C392155D-E07D-404B-9E4B-23AE24C1DBD4}"
EndProject
Project("{9A19103F-16F7-4668-BE54-9A1E7A4F7556}") = "Gsd2Aml.Lib", "Gsd2Aml.Lib\Gsd2Aml.Lib.csproj", "{C08C5EA2-A726-4851-BA1A-27E9ADA46971}"
EndProject
Project("{9A19103F-16F7-4668-BE54-9A1E7A4F7556}") = "Gsd2Aml.Gui", "Gsd2Aml.Gui\Gsd2Aml.Gui.csproj", "{2B3518B8-F04F-4633-89F8-5A9B4E0A30A8}"
EndProject
Project("{9A19103F-16F7-4668-BE54-9A1E7A4F7556}") = "Gsd2Aml.Test", "Gsd2Aml.Test\Gsd2Aml.Test.csproj", "{509AF782-9F41-451C-93D2-41CBAF805516}"
EndProject
Global
	GlobalSection(SolutionConfigurationPlatforms) = preSolution
		Debug|Any CPU = Debug|Any CPU
		Release|Any CPU = Release|Any CPU
	EndGlobalSection
	GlobalSection(ProjectConfigurationPlatforms) = postSolution
		{C392155D-E07D-404B-9E4B-23AE24C1DBD4}.Debug|Any CPU.ActiveCfg = Debug|Any CPU
		{C392155D-E07D-404B-9E4B-23AE24C1DBD4}.Debug|Any CPU.Build.0 = Debug|Any CPU
		{C392155D-E07D-404B-9E4B-23AE24C1DBD4}.Release|Any CPU.ActiveCfg = Release|Any CPU
		{C392155D-E07D-404B-9E4B-23AE24C1DBD4}.Release|Any CPU.Build.0 = Release|Any CPU
		{C08C5EA2-A726-4851-BA1A-27E9ADA46971}.Debug|Any CPU.ActiveCfg = Debug|Any CPU
		{C08C5EA2-A726-4851-BA1A-27E9ADA46971}.Debug|Any CPU.Build.0 = Debug|Any CPU
		{C08C5EA2-A726-4851-BA1A-27E9ADA46971}.Release|Any CPU.ActiveCfg = Release|Any CPU
		{C08C5EA2-A726-4851-BA1A-27E9ADA46971}.Release|Any CPU.Build.0 = Release|Any CPU
		{2B3518B8-F04F-4633-89F8-5A9B4E0A30A8}.Debug|Any CPU.ActiveCfg = Debug|Any CPU
		{2B3518B8-F04F-4633-89F8-5A9B4E0A30A8}.Debug|Any CPU.Build.0 = Debug|Any CPU
		{2B3518B8-F04F-4633-89F8-5A9B4E0A30A8}.Release|Any CPU.ActiveCfg = Release|Any CPU
		{2B3518B8-F04F-4633-89F8-5A9B4E0A30A8}.Release|Any CPU.Build.0 = Release|Any CPU
		{509AF782-9F41-451C-93D2-41CBAF805516}.Debug|Any CPU.ActiveCfg = Debug|Any CPU
		{509AF782-9F41-451C-93D2-41CBAF805516}.Debug|Any CPU.Build.0 = Debug|Any CPU
		{509AF782-9F41-451C-93D2-41CBAF805516}.Release|Any CPU.ActiveCfg = Release|Any CPU
		{509AF782-9F41-451C-93D2-41CBAF805516}.Release|Any CPU.Build.0 = Release|Any CPU
	EndGlobalSection
	GlobalSection(SolutionProperties) = preSolution
		HideSolutionNode = FALSE
	EndGlobalSection
	GlobalSection(ExtensibilityGlobals) = postSolution
		SolutionGuid = {56F0CDD6-3A05-418D-A210-01D807422B5C}
	EndGlobalSection
EndGlobal
